
Microsoft Visual Studio Solution File, Format Version 12.00
# Visual Studio Version 17
VisualStudioVersion = 17.0.32014.148
MinimumVisualStudioVersion = 10.0.40219.1
Project("{FAE04EC0-301F-11D3-BF4B-00C04F79EFBC}") = "Prac7_MVC", "Prac7_MVC\Prac7_MVC.csproj", "{A2DE2707-B2ED-4203-B970-FB2F4F4E3C1E}"
EndProject
Global
	GlobalSection(SolutionConfigurationPlatforms) = preSolution
		Debug|Any CPU = Debug|Any CPU
		Release|Any CPU = Release|Any CPU
	EndGlobalSection
	GlobalSection(ProjectConfigurationPlatforms) = postSolution
		{A2DE2707-B2ED-4203-B970-FB2F4F4E3C1E}.Debug|Any CPU.ActiveCfg = Debug|Any CPU
		{A2DE2707-B2ED-4203-B970-FB2F4F4E3C1E}.Debug|Any CPU.Build.0 = Debug|Any CPU
		{A2DE2707-B2ED-4203-B970-FB2F4F4E3C1E}.Release|Any CPU.ActiveCfg = Release|Any CPU
		{A2DE2707-B2ED-4203-B970-FB2F4F4E3C1E}.Release|Any CPU.Build.0 = Release|Any CPU
	EndGlobalSection
	GlobalSection(SolutionProperties) = preSolution
		HideSolutionNode = FALSE
	EndGlobalSection
	GlobalSection(ExtensibilityGlobals) = postSolution
		SolutionGuid = {67B518FB-E731-4D20-937B-39F7F791824E}
	EndGlobalSection
EndGlobal
